
Microsoft Visual Studio Solution File, Format Version 12.00
# Visual Studio Version 16
VisualStudioVersion = 16.0.29503.13
MinimumVisualStudioVersion = 10.0.40219.1
Project("{9A19103F-16F7-4668-BE54-9A1E7A4F7556}") = "FindTheWay.Web", "FindTheWay.Web\FindTheWay.Web.csproj", "{C5F8743A-1DD0-43FC-91B1-20AB61978399}"
EndProject
Project("{9A19103F-16F7-4668-BE54-9A1E7A4F7556}") = "FindTheWay.Common", "FindTheWay.Common\FindTheWay.Common.csproj", "{2E3293E6-6D8E-4845-A2EF-6336EC27A35A}"
EndProject
Project("{2150E333-8FDC-42A3-9474-1A3956D46DE8}") = "Solution Items", "Solution Items", "{7F563745-B5E6-4A34-BDE1-C9EAD14305B8}"
	ProjectSection(SolutionItems) = preProject
		.dockerignore = .dockerignore
		docker-compose.yml = docker-compose.yml
	EndProjectSection
EndProject
Global
	GlobalSection(SolutionConfigurationPlatforms) = preSolution
		Debug|Any CPU = Debug|Any CPU
		Release|Any CPU = Release|Any CPU
	EndGlobalSection
	GlobalSection(ProjectConfigurationPlatforms) = postSolution
		{C5F8743A-1DD0-43FC-91B1-20AB61978399}.Debug|Any CPU.ActiveCfg = Debug|Any CPU
		{C5F8743A-1DD0-43FC-91B1-20AB61978399}.Debug|Any CPU.Build.0 = Debug|Any CPU
		{C5F8743A-1DD0-43FC-91B1-20AB61978399}.Release|Any CPU.ActiveCfg = Release|Any CPU
		{C5F8743A-1DD0-43FC-91B1-20AB61978399}.Release|Any CPU.Build.0 = Release|Any CPU
		{2E3293E6-6D8E-4845-A2EF-6336EC27A35A}.Debug|Any CPU.ActiveCfg = Debug|Any CPU
		{2E3293E6-6D8E-4845-A2EF-6336EC27A35A}.Debug|Any CPU.Build.0 = Debug|Any CPU
		{2E3293E6-6D8E-4845-A2EF-6336EC27A35A}.Release|Any CPU.ActiveCfg = Release|Any CPU
		{2E3293E6-6D8E-4845-A2EF-6336EC27A35A}.Release|Any CPU.Build.0 = Release|Any CPU
	EndGlobalSection
	GlobalSection(SolutionProperties) = preSolution
		HideSolutionNode = FALSE
	EndGlobalSection
	GlobalSection(ExtensibilityGlobals) = postSolution
		SolutionGuid = {68074EDD-0BF3-4091-B53E-2D72FBBB6F63}
	EndGlobalSection
EndGlobal
