
Microsoft Visual Studio Solution File, Format Version 12.00
# Visual Studio 15
VisualStudioVersion = 15.0.27130.2024
MinimumVisualStudioVersion = 10.0.40219.1
Project("{FAE04EC0-301F-11D3-BF4B-00C04F79EFBC}") = "FindTheWay", "FindTheWay\FindTheWay.csproj", "{A35A32FA-6858-4C3A-ADC6-E216B65B6AC4}"
EndProject
Project("{FAE04EC0-301F-11D3-BF4B-00C04F79EFBC}") = "FindTheWay.Data", "FindTheWay.Data\FindTheWay.Data.csproj", "{EC9DB05B-B918-4E43-8B8D-80F80D3D61F0}"
EndProject
Project("{FAE04EC0-301F-11D3-BF4B-00C04F79EFBC}") = "FindTheWay.Common", "FindTheWay.Common\FindTheWay.Common.csproj", "{7D4C35B3-DC5C-4829-96D1-83F9932E69C5}"
EndProject
Project("{FAE04EC0-301F-11D3-BF4B-00C04F79EFBC}") = "FindTheWay.DbInitializer", "FindTheWay.DbInitializer\FindTheWay.DbInitializer.csproj", "{809E6409-1B48-4336-9B0C-E4152BD4C0E0}"
EndProject
Global
	GlobalSection(SolutionConfigurationPlatforms) = preSolution
		Debug|Any CPU = Debug|Any CPU
		Release|Any CPU = Release|Any CPU
	EndGlobalSection
	GlobalSection(ProjectConfigurationPlatforms) = postSolution
		{A35A32FA-6858-4C3A-ADC6-E216B65B6AC4}.Debug|Any CPU.ActiveCfg = Debug|Any CPU
		{A35A32FA-6858-4C3A-ADC6-E216B65B6AC4}.Debug|Any CPU.Build.0 = Debug|Any CPU
		{A35A32FA-6858-4C3A-ADC6-E216B65B6AC4}.Release|Any CPU.ActiveCfg = Release|Any CPU
		{A35A32FA-6858-4C3A-ADC6-E216B65B6AC4}.Release|Any CPU.Build.0 = Release|Any CPU
		{EC9DB05B-B918-4E43-8B8D-80F80D3D61F0}.Debug|Any CPU.ActiveCfg = Debug|Any CPU
		{EC9DB05B-B918-4E43-8B8D-80F80D3D61F0}.Debug|Any CPU.Build.0 = Debug|Any CPU
		{EC9DB05B-B918-4E43-8B8D-80F80D3D61F0}.Release|Any CPU.ActiveCfg = Release|Any CPU
		{EC9DB05B-B918-4E43-8B8D-80F80D3D61F0}.Release|Any CPU.Build.0 = Release|Any CPU
		{7D4C35B3-DC5C-4829-96D1-83F9932E69C5}.Debug|Any CPU.ActiveCfg = Debug|Any CPU
		{7D4C35B3-DC5C-4829-96D1-83F9932E69C5}.Debug|Any CPU.Build.0 = Debug|Any CPU
		{7D4C35B3-DC5C-4829-96D1-83F9932E69C5}.Release|Any CPU.ActiveCfg = Release|Any CPU
		{7D4C35B3-DC5C-4829-96D1-83F9932E69C5}.Release|Any CPU.Build.0 = Release|Any CPU
		{809E6409-1B48-4336-9B0C-E4152BD4C0E0}.Debug|Any CPU.ActiveCfg = Debug|Any CPU
		{809E6409-1B48-4336-9B0C-E4152BD4C0E0}.Debug|Any CPU.Build.0 = Debug|Any CPU
		{809E6409-1B48-4336-9B0C-E4152BD4C0E0}.Release|Any CPU.ActiveCfg = Release|Any CPU
		{809E6409-1B48-4336-9B0C-E4152BD4C0E0}.Release|Any CPU.Build.0 = Release|Any CPU
	EndGlobalSection
	GlobalSection(SolutionProperties) = preSolution
		HideSolutionNode = FALSE
	EndGlobalSection
	GlobalSection(ExtensibilityGlobals) = postSolution
		SolutionGuid = {AD96334B-179C-46E4-A3D3-DF093E22F67C}
	EndGlobalSection
EndGlobal
